
Microsoft Visual Studio Solution File, Format Version 11.00
# Visual Studio 2010
Project("{FAE04EC0-301F-11D3-BF4B-00C04F79EFBC}") = "NETDeob.Core", "NETDeob.Core.csproj", "{FD35670D-3198-418E-B6AE-4F1DDC6E609B}"
EndProject
Project("{FAE04EC0-301F-11D3-BF4B-00C04F79EFBC}") = "blocks", "blocks\blocks.csproj", "{045B96F2-AF80-4C4C-8D27-E38635AC705E}"
EndProject
Project("{FAE04EC0-301F-11D3-BF4B-00C04F79EFBC}") = "ICSharpCode.SharpZLib", "..\ICSharpCode.SharpZipLib\ICSharpCode.SharpZLib.csproj", "{0E7413FF-EB9E-4714-ACF2-BE3A6A7B2FFD}"
EndProject
Project("{FAE04EC0-301F-11D3-BF4B-00C04F79EFBC}") = "NETDeob.Console", "..\NETDeob.Console\NETDeob.Console.csproj", "{CB580CE0-5280-496D-BB36-066C2F63EB32}"
EndProject
Global
	GlobalSection(SubversionScc) = preSolution
		Svn-Managed = True
		Manager = AnkhSVN - Subversion Support for Visual Studio
	EndGlobalSection
	GlobalSection(SolutionConfigurationPlatforms) = preSolution
		Debug|Any CPU = Debug|Any CPU
		Debug|Mixed Platforms = Debug|Mixed Platforms
		Debug|Win32 = Debug|Win32
		Debug|x86 = Debug|x86
		Deploy|Any CPU = Deploy|Any CPU
		Deploy|Mixed Platforms = Deploy|Mixed Platforms
		Deploy|Win32 = Deploy|Win32
		Deploy|x86 = Deploy|x86
		net_2_0_Debug|Any CPU = net_2_0_Debug|Any CPU
		net_2_0_Debug|Mixed Platforms = net_2_0_Debug|Mixed Platforms
		net_2_0_Debug|Win32 = net_2_0_Debug|Win32
		net_2_0_Debug|x86 = net_2_0_Debug|x86
		net_2_0_Release|Any CPU = net_2_0_Release|Any CPU
		net_2_0_Release|Mixed Platforms = net_2_0_Release|Mixed Platforms
		net_2_0_Release|Win32 = net_2_0_Release|Win32
		net_2_0_Release|x86 = net_2_0_Release|x86
		net_3_5_Debug|Any CPU = net_3_5_Debug|Any CPU
		net_3_5_Debug|Mixed Platforms = net_3_5_Debug|Mixed Platforms
		net_3_5_Debug|Win32 = net_3_5_Debug|Win32
		net_3_5_Debug|x86 = net_3_5_Debug|x86
		net_3_5_Release|Any CPU = net_3_5_Release|Any CPU
		net_3_5_Release|Mixed Platforms = net_3_5_Release|Mixed Platforms
		net_3_5_Release|Win32 = net_3_5_Release|Win32
		net_3_5_Release|x86 = net_3_5_Release|x86
		net_4_0_Debug|Any CPU = net_4_0_Debug|Any CPU
		net_4_0_Debug|Mixed Platforms = net_4_0_Debug|Mixed Platforms
		net_4_0_Debug|Win32 = net_4_0_Debug|Win32
		net_4_0_Debug|x86 = net_4_0_Debug|x86
		net_4_0_Release|Any CPU = net_4_0_Release|Any CPU
		net_4_0_Release|Mixed Platforms = net_4_0_Release|Mixed Platforms
		net_4_0_Release|Win32 = net_4_0_Release|Win32
		net_4_0_Release|x86 = net_4_0_Release|x86
		Release|Any CPU = Release|Any CPU
		Release|Mixed Platforms = Release|Mixed Platforms
		Release|Win32 = Release|Win32
		Release|x86 = Release|x86
		silverlight_Debug|Any CPU = silverlight_Debug|Any CPU
		silverlight_Debug|Mixed Platforms = silverlight_Debug|Mixed Platforms
		silverlight_Debug|Win32 = silverlight_Debug|Win32
		silverlight_Debug|x86 = silverlight_Debug|x86
		silverlight_Release|Any CPU = silverlight_Release|Any CPU
		silverlight_Release|Mixed Platforms = silverlight_Release|Mixed Platforms
		silverlight_Release|Win32 = silverlight_Release|Win32
		silverlight_Release|x86 = silverlight_Release|x86
		winphone_Debug|Any CPU = winphone_Debug|Any CPU
		winphone_Debug|Mixed Platforms = winphone_Debug|Mixed Platforms
		winphone_Debug|Win32 = winphone_Debug|Win32
		winphone_Debug|x86 = winphone_Debug|x86
		winphone_Release|Any CPU = winphone_Release|Any CPU
		winphone_Release|Mixed Platforms = winphone_Release|Mixed Platforms
		winphone_Release|Win32 = winphone_Release|Win32
		winphone_Release|x86 = winphone_Release|x86
	EndGlobalSection
	GlobalSection(ProjectConfigurationPlatforms) = postSolution
		{FD35670D-3198-418E-B6AE-4F1DDC6E609B}.Debug|Any CPU.ActiveCfg = Debug|x86
		{FD35670D-3198-418E-B6AE-4F1DDC6E609B}.Debug|Mixed Platforms.ActiveCfg = Debug|x86
		{FD35670D-3198-418E-B6AE-4F1DDC6E609B}.Debug|Mixed Platforms.Build.0 = Debug|x86
		{FD35670D-3198-418E-B6AE-4F1DDC6E609B}.Debug|Win32.ActiveCfg = Debug|x86
		{FD35670D-3198-418E-B6AE-4F1DDC6E609B}.Debug|x86.ActiveCfg = Debug|x86
		{FD35670D-3198-418E-B6AE-4F1DDC6E609B}.Debug|x86.Build.0 = Debug|x86
		{FD35670D-3198-418E-B6AE-4F1DDC6E609B}.Deploy|Any CPU.ActiveCfg = Debug|x86
		{FD35670D-3198-418E-B6AE-4F1DDC6E609B}.Deploy|Mixed Platforms.ActiveCfg = Debug|x86
		{FD35670D-3198-418E-B6AE-4F1DDC6E609B}.Deploy|Mixed Platforms.Build.0 = Debug|x86
		{FD35670D-3198-418E-B6AE-4F1DDC6E609B}.Deploy|Win32.ActiveCfg = Debug|x86
		{FD35670D-3198-418E-B6AE-4F1DDC6E609B}.Deploy|x86.ActiveCfg = Debug|x86
		{FD35670D-3198-418E-B6AE-4F1DDC6E609B}.Deploy|x86.Build.0 = Debug|x86
		{FD35670D-3198-418E-B6AE-4F1DDC6E609B}.net_2_0_Debug|Any CPU.ActiveCfg = Debug|x86
		{FD35670D-3198-418E-B6AE-4F1DDC6E609B}.net_2_0_Debug|Mixed Platforms.ActiveCfg = Debug|x86
		{FD35670D-3198-418E-B6AE-4F1DDC6E609B}.net_2_0_Debug|Mixed Platforms.Build.0 = Debug|x86
		{FD35670D-3198-418E-B6AE-4F1DDC6E609B}.net_2_0_Debug|Win32.ActiveCfg = Debug|x86
		{FD35670D-3198-418E-B6AE-4F1DDC6E609B}.net_2_0_Debug|x86.ActiveCfg = Debug|x86
		{FD35670D-3198-418E-B6AE-4F1DDC6E609B}.net_2_0_Debug|x86.Build.0 = Debug|x86
		{FD35670D-3198-418E-B6AE-4F1DDC6E609B}.net_2_0_Release|Any CPU.ActiveCfg = Release|x86
		{FD35670D-3198-418E-B6AE-4F1DDC6E609B}.net_2_0_Release|Mixed Platforms.ActiveCfg = Release|x86
		{FD35670D-3198-418E-B6AE-4F1DDC6E609B}.net_2_0_Release|Mixed Platforms.Build.0 = Release|x86
		{FD35670D-3198-418E-B6AE-4F1DDC6E609B}.net_2_0_Release|Win32.ActiveCfg = Release|x86
		{FD35670D-3198-418E-B6AE-4F1DDC6E609B}.net_2_0_Release|x86.ActiveCfg = Release|x86
		{FD35670D-3198-418E-B6AE-4F1DDC6E609B}.net_2_0_Release|x86.Build.0 = Release|x86
		{FD35670D-3198-418E-B6AE-4F1DDC6E609B}.net_3_5_Debug|Any CPU.ActiveCfg = Debug|x86
		{FD35670D-3198-418E-B6AE-4F1DDC6E609B}.net_3_5_Debug|Mixed Platforms.ActiveCfg = Debug|x86
		{FD35670D-3198-418E-B6AE-4F1DDC6E609B}.net_3_5_Debug|Mixed Platforms.Build.0 = Debug|x86
		{FD35670D-3198-418E-B6AE-4F1DDC6E609B}.net_3_5_Debug|Win32.ActiveCfg = Debug|x86
		{FD35670D-3198-418E-B6AE-4F1DDC6E609B}.net_3_5_Debug|x86.ActiveCfg = Debug|x86
		{FD35670D-3198-418E-B6AE-4F1DDC6E609B}.net_3_5_Debug|x86.Build.0 = Debug|x86
		{FD35670D-3198-418E-B6AE-4F1DDC6E609B}.net_3_5_Release|Any CPU.ActiveCfg = Release|x86
		{FD35670D-3198-418E-B6AE-4F1DDC6E609B}.net_3_5_Release|Mixed Platforms.ActiveCfg = Release|x86
		{FD35670D-3198-418E-B6AE-4F1DDC6E609B}.net_3_5_Release|Mixed Platforms.Build.0 = Release|x86
		{FD35670D-3198-418E-B6AE-4F1DDC6E609B}.net_3_5_Release|Win32.ActiveCfg = Release|x86
		{FD35670D-3198-418E-B6AE-4F1DDC6E609B}.net_3_5_Release|x86.ActiveCfg = Release|x86
		{FD35670D-3198-418E-B6AE-4F1DDC6E609B}.net_3_5_Release|x86.Build.0 = Release|x86
		{FD35670D-3198-418E-B6AE-4F1DDC6E609B}.net_4_0_Debug|Any CPU.ActiveCfg = Debug|x86
		{FD35670D-3198-418E-B6AE-4F1DDC6E609B}.net_4_0_Debug|Mixed Platforms.ActiveCfg = Debug|x86
		{FD35670D-3198-418E-B6AE-4F1DDC6E609B}.net_4_0_Debug|Mixed Platforms.Build.0 = Debug|x86
		{FD35670D-3198-418E-B6AE-4F1DDC6E609B}.net_4_0_Debug|Win32.ActiveCfg = Debug|x86
		{FD35670D-3198-418E-B6AE-4F1DDC6E609B}.net_4_0_Debug|x86.ActiveCfg = Debug|x86
		{FD35670D-3198-418E-B6AE-4F1DDC6E609B}.net_4_0_Debug|x86.Build.0 = Debug|x86
		{FD35670D-3198-418E-B6AE-4F1DDC6E609B}.net_4_0_Release|Any CPU.ActiveCfg = Release|x86
		{FD35670D-3198-418E-B6AE-4F1DDC6E609B}.net_4_0_Release|Mixed Platforms.ActiveCfg = Release|x86
		{FD35670D-3198-418E-B6AE-4F1DDC6E609B}.net_4_0_Release|Mixed Platforms.Build.0 = Release|x86
		{FD35670D-3198-418E-B6AE-4F1DDC6E609B}.net_4_0_Release|Win32.ActiveCfg = Release|x86
		{FD35670D-3198-418E-B6AE-4F1DDC6E609B}.net_4_0_Release|x86.ActiveCfg = Release|x86
		{FD35670D-3198-418E-B6AE-4F1DDC6E609B}.net_4_0_Release|x86.Build.0 = Release|x86
		{FD35670D-3198-418E-B6AE-4F1DDC6E609B}.Release|Any CPU.ActiveCfg = Release|x86
		{FD35670D-3198-418E-B6AE-4F1DDC6E609B}.Release|Mixed Platforms.ActiveCfg = Release|x86
		{FD35670D-3198-418E-B6AE-4F1DDC6E609B}.Release|Mixed Platforms.Build.0 = Release|x86
		{FD35670D-3198-418E-B6AE-4F1DDC6E609B}.Release|Win32.ActiveCfg = Release|x86
		{FD35670D-3198-418E-B6AE-4F1DDC6E609B}.Release|x86.ActiveCfg = Release|x86
		{FD35670D-3198-418E-B6AE-4F1DDC6E609B}.Release|x86.Build.0 = Release|x86
		{FD35670D-3198-418E-B6AE-4F1DDC6E609B}.silverlight_Debug|Any CPU.ActiveCfg = Debug|x86
		{FD35670D-3198-418E-B6AE-4F1DDC6E609B}.silverlight_Debug|Mixed Platforms.ActiveCfg = Debug|x86
		{FD35670D-3198-418E-B6AE-4F1DDC6E609B}.silverlight_Debug|Mixed Platforms.Build.0 = Debug|x86
		{FD35670D-3198-418E-B6AE-4F1DDC6E609B}.silverlight_Debug|Win32.ActiveCfg = Debug|x86
		{FD35670D-3198-418E-B6AE-4F1DDC6E609B}.silverlight_Debug|x86.ActiveCfg = Debug|x86
		{FD35670D-3198-418E-B6AE-4F1DDC6E609B}.silverlight_Debug|x86.Build.0 = Debug|x86
		{FD35670D-3198-418E-B6AE-4F1DDC6E609B}.silverlight_Release|Any CPU.ActiveCfg = Release|x86
		{FD35670D-3198-418E-B6AE-4F1DDC6E609B}.silverlight_Release|Mixed Platforms.ActiveCfg = Release|x86
		{FD35670D-3198-418E-B6AE-4F1DDC6E609B}.silverlight_Release|Mixed Platforms.Build.0 = Release|x86
		{FD35670D-3198-418E-B6AE-4F1DDC6E609B}.silverlight_Release|Win32.ActiveCfg = Release|x86
		{FD35670D-3198-418E-B6AE-4F1DDC6E609B}.silverlight_Release|x86.ActiveCfg = Release|x86
		{FD35670D-3198-418E-B6AE-4F1DDC6E609B}.silverlight_Release|x86.Build.0 = Release|x86
		{FD35670D-3198-418E-B6AE-4F1DDC6E609B}.winphone_Debug|Any CPU.ActiveCfg = Debug|x86
		{FD35670D-3198-418E-B6AE-4F1DDC6E609B}.winphone_Debug|Mixed Platforms.ActiveCfg = Debug|x86
		{FD35670D-3198-418E-B6AE-4F1DDC6E609B}.winphone_Debug|Mixed Platforms.Build.0 = Debug|x86
		{FD35670D-3198-418E-B6AE-4F1DDC6E609B}.winphone_Debug|Win32.ActiveCfg = Debug|x86
		{FD35670D-3198-418E-B6AE-4F1DDC6E609B}.winphone_Debug|x86.ActiveCfg = Debug|x86
		{FD35670D-3198-418E-B6AE-4F1DDC6E609B}.winphone_Debug|x86.Build.0 = Debug|x86
		{FD35670D-3198-418E-B6AE-4F1DDC6E609B}.winphone_Release|Any CPU.ActiveCfg = Release|x86
		{FD35670D-3198-418E-B6AE-4F1DDC6E609B}.winphone_Release|Mixed Platforms.ActiveCfg = Release|x86
		{FD35670D-3198-418E-B6AE-4F1DDC6E609B}.winphone_Release|Mixed Platforms.Build.0 = Release|x86
		{FD35670D-3198-418E-B6AE-4F1DDC6E609B}.winphone_Release|Win32.ActiveCfg = Release|x86
		{FD35670D-3198-418E-B6AE-4F1DDC6E609B}.winphone_Release|x86.ActiveCfg = Release|x86
		{FD35670D-3198-418E-B6AE-4F1DDC6E609B}.winphone_Release|x86.Build.0 = Release|x86
		{045B96F2-AF80-4C4C-8D27-E38635AC705E}.Debug|Any CPU.ActiveCfg = Debug|Any CPU
		{045B96F2-AF80-4C4C-8D27-E38635AC705E}.Debug|Any CPU.Build.0 = Debug|Any CPU
		{045B96F2-AF80-4C4C-8D27-E38635AC705E}.Debug|Mixed Platforms.ActiveCfg = Debug|Any CPU
		{045B96F2-AF80-4C4C-8D27-E38635AC705E}.Debug|Mixed Platforms.Build.0 = Debug|Any CPU
		{045B96F2-AF80-4C4C-8D27-E38635AC705E}.Debug|Win32.ActiveCfg = Debug|Any CPU
		{045B96F2-AF80-4C4C-8D27-E38635AC705E}.Debug|x86.ActiveCfg = Debug|Any CPU
		{045B96F2-AF80-4C4C-8D27-E38635AC705E}.Deploy|Any CPU.ActiveCfg = Debug|Any CPU
		{045B96F2-AF80-4C4C-8D27-E38635AC705E}.Deploy|Any CPU.Build.0 = Debug|Any CPU
		{045B96F2-AF80-4C4C-8D27-E38635AC705E}.Deploy|Mixed Platforms.ActiveCfg = Debug|Any CPU
		{045B96F2-AF80-4C4C-8D27-E38635AC705E}.Deploy|Mixed Platforms.Build.0 = Debug|Any CPU
		{045B96F2-AF80-4C4C-8D27-E38635AC705E}.Deploy|Win32.ActiveCfg = Debug|Any CPU
		{045B96F2-AF80-4C4C-8D27-E38635AC705E}.Deploy|x86.ActiveCfg = Debug|Any CPU
		{045B96F2-AF80-4C4C-8D27-E38635AC705E}.net_2_0_Debug|Any CPU.ActiveCfg = Debug|Any CPU
		{045B96F2-AF80-4C4C-8D27-E38635AC705E}.net_2_0_Debug|Any CPU.Build.0 = Debug|Any CPU
		{045B96F2-AF80-4C4C-8D27-E38635AC705E}.net_2_0_Debug|Mixed Platforms.ActiveCfg = Debug|Any CPU
		{045B96F2-AF80-4C4C-8D27-E38635AC705E}.net_2_0_Debug|Mixed Platforms.Build.0 = Debug|Any CPU
		{045B96F2-AF80-4C4C-8D27-E38635AC705E}.net_2_0_Debug|Win32.ActiveCfg = Debug|Any CPU
		{045B96F2-AF80-4C4C-8D27-E38635AC705E}.net_2_0_Debug|x86.ActiveCfg = Debug|Any CPU
		{045B96F2-AF80-4C4C-8D27-E38635AC705E}.net_2_0_Release|Any CPU.ActiveCfg = Release|Any CPU
		{045B96F2-AF80-4C4C-8D27-E38635AC705E}.net_2_0_Release|Any CPU.Build.0 = Release|Any CPU
		{045B96F2-AF80-4C4C-8D27-E38635AC705E}.net_2_0_Release|Mixed Platforms.ActiveCfg = Release|Any CPU
		{045B96F2-AF80-4C4C-8D27-E38635AC705E}.net_2_0_Release|Mixed Platforms.Build.0 = Release|Any CPU
		{045B96F2-AF80-4C4C-8D27-E38635AC705E}.net_2_0_Release|Win32.ActiveCfg = Release|Any CPU
		{045B96F2-AF80-4C4C-8D27-E38635AC705E}.net_2_0_Release|x86.ActiveCfg = Release|Any CPU
		{045B96F2-AF80-4C4C-8D27-E38635AC705E}.net_3_5_Debug|Any CPU.ActiveCfg = Debug|Any CPU
		{045B96F2-AF80-4C4C-8D27-E38635AC705E}.net_3_5_Debug|Any CPU.Build.0 = Debug|Any CPU
		{045B96F2-AF80-4C4C-8D27-E38635AC705E}.net_3_5_Debug|Mixed Platforms.ActiveCfg = Debug|Any CPU
		{045B96F2-AF80-4C4C-8D27-E38635AC705E}.net_3_5_Debug|Mixed Platforms.Build.0 = Debug|Any CPU
		{045B96F2-AF80-4C4C-8D27-E38635AC705E}.net_3_5_Debug|Win32.ActiveCfg = Debug|Any CPU
		{045B96F2-AF80-4C4C-8D27-E38635AC705E}.net_3_5_Debug|x86.ActiveCfg = Debug|Any CPU
		{045B96F2-AF80-4C4C-8D27-E38635AC705E}.net_3_5_Release|Any CPU.ActiveCfg = Release|Any CPU
		{045B96F2-AF80-4C4C-8D27-E38635AC705E}.net_3_5_Release|Any CPU.Build.0 = Release|Any CPU
		{045B96F2-AF80-4C4C-8D27-E38635AC705E}.net_3_5_Release|Mixed Platforms.ActiveCfg = Release|Any CPU
		{045B96F2-AF80-4C4C-8D27-E38635AC705E}.net_3_5_Release|Mixed Platforms.Build.0 = Release|Any CPU
		{045B96F2-AF80-4C4C-8D27-E38635AC705E}.net_3_5_Release|Win32.ActiveCfg = Release|Any CPU
		{045B96F2-AF80-4C4C-8D27-E38635AC705E}.net_3_5_Release|x86.ActiveCfg = Release|Any CPU
		{045B96F2-AF80-4C4C-8D27-E38635AC705E}.net_4_0_Debug|Any CPU.ActiveCfg = Debug|Any CPU
		{045B96F2-AF80-4C4C-8D27-E38635AC705E}.net_4_0_Debug|Any CPU.Build.0 = Debug|Any CPU
		{045B96F2-AF80-4C4C-8D27-E38635AC705E}.net_4_0_Debug|Mixed Platforms.ActiveCfg = Debug|Any CPU
		{045B96F2-AF80-4C4C-8D27-E38635AC705E}.net_4_0_Debug|Mixed Platforms.Build.0 = Debug|Any CPU
		{045B96F2-AF80-4C4C-8D27-E38635AC705E}.net_4_0_Debug|Win32.ActiveCfg = Debug|Any CPU
		{045B96F2-AF80-4C4C-8D27-E38635AC705E}.net_4_0_Debug|x86.ActiveCfg = Debug|Any CPU
		{045B96F2-AF80-4C4C-8D27-E38635AC705E}.net_4_0_Release|Any CPU.ActiveCfg = Release|Any CPU
		{045B96F2-AF80-4C4C-8D27-E38635AC705E}.net_4_0_Release|Any CPU.Build.0 = Release|Any CPU
		{045B96F2-AF80-4C4C-8D27-E38635AC705E}.net_4_0_Release|Mixed Platforms.ActiveCfg = Release|Any CPU
		{045B96F2-AF80-4C4C-8D27-E38635AC705E}.net_4_0_Release|Mixed Platforms.Build.0 = Release|Any CPU
		{045B96F2-AF80-4C4C-8D27-E38635AC705E}.net_4_0_Release|Win32.ActiveCfg = Release|Any CPU
		{045B96F2-AF80-4C4C-8D27-E38635AC705E}.net_4_0_Release|x86.ActiveCfg = Release|Any CPU
		{045B96F2-AF80-4C4C-8D27-E38635AC705E}.Release|Any CPU.ActiveCfg = Release|Any CPU
		{045B96F2-AF80-4C4C-8D27-E38635AC705E}.Release|Any CPU.Build.0 = Release|Any CPU
		{045B96F2-AF80-4C4C-8D27-E38635AC705E}.Release|Mixed Platforms.ActiveCfg = Release|Any CPU
		{045B96F2-AF80-4C4C-8D27-E38635AC705E}.Release|Mixed Platforms.Build.0 = Release|Any CPU
		{045B96F2-AF80-4C4C-8D27-E38635AC705E}.Release|Win32.ActiveCfg = Release|Any CPU
		{045B96F2-AF80-4C4C-8D27-E38635AC705E}.Release|x86.ActiveCfg = Release|Any CPU
		{045B96F2-AF80-4C4C-8D27-E38635AC705E}.silverlight_Debug|Any CPU.ActiveCfg = Debug|Any CPU
		{045B96F2-AF80-4C4C-8D27-E38635AC705E}.silverlight_Debug|Any CPU.Build.0 = Debug|Any CPU
		{045B96F2-AF80-4C4C-8D27-E38635AC705E}.silverlight_Debug|Mixed Platforms.ActiveCfg = Debug|Any CPU
		{045B96F2-AF80-4C4C-8D27-E38635AC705E}.silverlight_Debug|Mixed Platforms.Build.0 = Debug|Any CPU
		{045B96F2-AF80-4C4C-8D27-E38635AC705E}.silverlight_Debug|Win32.ActiveCfg = Debug|Any CPU
		{045B96F2-AF80-4C4C-8D27-E38635AC705E}.silverlight_Debug|x86.ActiveCfg = Debug|Any CPU
		{045B96F2-AF80-4C4C-8D27-E38635AC705E}.silverlight_Release|Any CPU.ActiveCfg = Release|Any CPU
		{045B96F2-AF80-4C4C-8D27-E38635AC705E}.silverlight_Release|Any CPU.Build.0 = Release|Any CPU
		{045B96F2-AF80-4C4C-8D27-E38635AC705E}.silverlight_Release|Mixed Platforms.ActiveCfg = Release|Any CPU
		{045B96F2-AF80-4C4C-8D27-E38635AC705E}.silverlight_Release|Mixed Platforms.Build.0 = Release|Any CPU
		{045B96F2-AF80-4C4C-8D27-E38635AC705E}.silverlight_Release|Win32.ActiveCfg = Release|Any CPU
		{045B96F2-AF80-4C4C-8D27-E38635AC705E}.silverlight_Release|x86.ActiveCfg = Release|Any CPU
		{045B96F2-AF80-4C4C-8D27-E38635AC705E}.winphone_Debug|Any CPU.ActiveCfg = Debug|Any CPU
		{045B96F2-AF80-4C4C-8D27-E38635AC705E}.winphone_Debug|Any CPU.Build.0 = Debug|Any CPU
		{045B96F2-AF80-4C4C-8D27-E38635AC705E}.winphone_Debug|Mixed Platforms.ActiveCfg = Debug|Any CPU
		{045B96F2-AF80-4C4C-8D27-E38635AC705E}.winphone_Debug|Mixed Platforms.Build.0 = Debug|Any CPU
		{045B96F2-AF80-4C4C-8D27-E38635AC705E}.winphone_Debug|Win32.ActiveCfg = Debug|Any CPU
		{045B96F2-AF80-4C4C-8D27-E38635AC705E}.winphone_Debug|x86.ActiveCfg = Debug|Any CPU
		{045B96F2-AF80-4C4C-8D27-E38635AC705E}.winphone_Release|Any CPU.ActiveCfg = Release|Any CPU
		{045B96F2-AF80-4C4C-8D27-E38635AC705E}.winphone_Release|Any CPU.Build.0 = Release|Any CPU
		{045B96F2-AF80-4C4C-8D27-E38635AC705E}.winphone_Release|Mixed Platforms.ActiveCfg = Release|Any CPU
		{045B96F2-AF80-4C4C-8D27-E38635AC705E}.winphone_Release|Mixed Platforms.Build.0 = Release|Any CPU
		{045B96F2-AF80-4C4C-8D27-E38635AC705E}.winphone_Release|Win32.ActiveCfg = Release|Any CPU
		{045B96F2-AF80-4C4C-8D27-E38635AC705E}.winphone_Release|x86.ActiveCfg = Release|Any CPU
		{0E7413FF-EB9E-4714-ACF2-BE3A6A7B2FFD}.Debug|Any CPU.ActiveCfg = Debug|Any CPU
		{0E7413FF-EB9E-4714-ACF2-BE3A6A7B2FFD}.Debug|Any CPU.Build.0 = Debug|Any CPU
		{0E7413FF-EB9E-4714-ACF2-BE3A6A7B2FFD}.Debug|Mixed Platforms.ActiveCfg = Debug|Any CPU
		{0E7413FF-EB9E-4714-ACF2-BE3A6A7B2FFD}.Debug|Mixed Platforms.Build.0 = Debug|Any CPU
		{0E7413FF-EB9E-4714-ACF2-BE3A6A7B2FFD}.Debug|Win32.ActiveCfg = Debug|Any CPU
		{0E7413FF-EB9E-4714-ACF2-BE3A6A7B2FFD}.Debug|x86.ActiveCfg = Debug|Any CPU
		{0E7413FF-EB9E-4714-ACF2-BE3A6A7B2FFD}.Deploy|Any CPU.ActiveCfg = Debug|Any CPU
		{0E7413FF-EB9E-4714-ACF2-BE3A6A7B2FFD}.Deploy|Any CPU.Build.0 = Debug|Any CPU
		{0E7413FF-EB9E-4714-ACF2-BE3A6A7B2FFD}.Deploy|Mixed Platforms.ActiveCfg = Debug|Any CPU
		{0E7413FF-EB9E-4714-ACF2-BE3A6A7B2FFD}.Deploy|Mixed Platforms.Build.0 = Debug|Any CPU
		{0E7413FF-EB9E-4714-ACF2-BE3A6A7B2FFD}.Deploy|Win32.ActiveCfg = Debug|Any CPU
		{0E7413FF-EB9E-4714-ACF2-BE3A6A7B2FFD}.Deploy|x86.ActiveCfg = Debug|Any CPU
		{0E7413FF-EB9E-4714-ACF2-BE3A6A7B2FFD}.net_2_0_Debug|Any CPU.ActiveCfg = Debug|Any CPU
		{0E7413FF-EB9E-4714-ACF2-BE3A6A7B2FFD}.net_2_0_Debug|Any CPU.Build.0 = Debug|Any CPU
		{0E7413FF-EB9E-4714-ACF2-BE3A6A7B2FFD}.net_2_0_Debug|Mixed Platforms.ActiveCfg = Debug|Any CPU
		{0E7413FF-EB9E-4714-ACF2-BE3A6A7B2FFD}.net_2_0_Debug|Mixed Platforms.Build.0 = Debug|Any CPU
		{0E7413FF-EB9E-4714-ACF2-BE3A6A7B2FFD}.net_2_0_Debug|Win32.ActiveCfg = Debug|Any CPU
		{0E7413FF-EB9E-4714-ACF2-BE3A6A7B2FFD}.net_2_0_Debug|x86.ActiveCfg = Debug|Any CPU
		{0E7413FF-EB9E-4714-ACF2-BE3A6A7B2FFD}.net_2_0_Release|Any CPU.ActiveCfg = Release|Any CPU
		{0E7413FF-EB9E-4714-ACF2-BE3A6A7B2FFD}.net_2_0_Release|Any CPU.Build.0 = Release|Any CPU
		{0E7413FF-EB9E-4714-ACF2-BE3A6A7B2FFD}.net_2_0_Release|Mixed Platforms.ActiveCfg = Release|Any CPU
		{0E7413FF-EB9E-4714-ACF2-BE3A6A7B2FFD}.net_2_0_Release|Mixed Platforms.Build.0 = Release|Any CPU
		{0E7413FF-EB9E-4714-ACF2-BE3A6A7B2FFD}.net_2_0_Release|Win32.ActiveCfg = Release|Any CPU
		{0E7413FF-EB9E-4714-ACF2-BE3A6A7B2FFD}.net_2_0_Release|x86.ActiveCfg = Release|Any CPU
		{0E7413FF-EB9E-4714-ACF2-BE3A6A7B2FFD}.net_3_5_Debug|Any CPU.ActiveCfg = Debug|Any CPU
		{0E7413FF-EB9E-4714-ACF2-BE3A6A7B2FFD}.net_3_5_Debug|Any CPU.Build.0 = Debug|Any CPU
		{0E7413FF-EB9E-4714-ACF2-BE3A6A7B2FFD}.net_3_5_Debug|Mixed Platforms.ActiveCfg = Debug|Any CPU
		{0E7413FF-EB9E-4714-ACF2-BE3A6A7B2FFD}.net_3_5_Debug|Mixed Platforms.Build.0 = Debug|Any CPU
		{0E7413FF-EB9E-4714-ACF2-BE3A6A7B2FFD}.net_3_5_Debug|Win32.ActiveCfg = Debug|Any CPU
		{0E7413FF-EB9E-4714-ACF2-BE3A6A7B2FFD}.net_3_5_Debug|x86.ActiveCfg = Debug|Any CPU
		{0E7413FF-EB9E-4714-ACF2-BE3A6A7B2FFD}.net_3_5_Release|Any CPU.ActiveCfg = Release|Any CPU
		{0E7413FF-EB9E-4714-ACF2-BE3A6A7B2FFD}.net_3_5_Release|Any CPU.Build.0 = Release|Any CPU
		{0E7413FF-EB9E-4714-ACF2-BE3A6A7B2FFD}.net_3_5_Release|Mixed Platforms.ActiveCfg = Release|Any CPU
		{0E7413FF-EB9E-4714-ACF2-BE3A6A7B2FFD}.net_3_5_Release|Mixed Platforms.Build.0 = Release|Any CPU
		{0E7413FF-EB9E-4714-ACF2-BE3A6A7B2FFD}.net_3_5_Release|Win32.ActiveCfg = Release|Any CPU
		{0E7413FF-EB9E-4714-ACF2-BE3A6A7B2FFD}.net_3_5_Release|x86.ActiveCfg = Release|Any CPU
		{0E7413FF-EB9E-4714-ACF2-BE3A6A7B2FFD}.net_4_0_Debug|Any CPU.ActiveCfg = Debug|Any CPU
		{0E7413FF-EB9E-4714-ACF2-BE3A6A7B2FFD}.net_4_0_Debug|Any CPU.Build.0 = Debug|Any CPU
		{0E7413FF-EB9E-4714-ACF2-BE3A6A7B2FFD}.net_4_0_Debug|Mixed Platforms.ActiveCfg = Debug|Any CPU
		{0E7413FF-EB9E-4714-ACF2-BE3A6A7B2FFD}.net_4_0_Debug|Mixed Platforms.Build.0 = Debug|Any CPU
		{0E7413FF-EB9E-4714-ACF2-BE3A6A7B2FFD}.net_4_0_Debug|Win32.ActiveCfg = Debug|Any CPU
		{0E7413FF-EB9E-4714-ACF2-BE3A6A7B2FFD}.net_4_0_Debug|x86.ActiveCfg = Debug|Any CPU
		{0E7413FF-EB9E-4714-ACF2-BE3A6A7B2FFD}.net_4_0_Release|Any CPU.ActiveCfg = Release|Any CPU
		{0E7413FF-EB9E-4714-ACF2-BE3A6A7B2FFD}.net_4_0_Release|Any CPU.Build.0 = Release|Any CPU
		{0E7413FF-EB9E-4714-ACF2-BE3A6A7B2FFD}.net_4_0_Release|Mixed Platforms.ActiveCfg = Release|Any CPU
		{0E7413FF-EB9E-4714-ACF2-BE3A6A7B2FFD}.net_4_0_Release|Mixed Platforms.Build.0 = Release|Any CPU
		{0E7413FF-EB9E-4714-ACF2-BE3A6A7B2FFD}.net_4_0_Release|Win32.ActiveCfg = Release|Any CPU
		{0E7413FF-EB9E-4714-ACF2-BE3A6A7B2FFD}.net_4_0_Release|x86.ActiveCfg = Release|Any CPU
		{0E7413FF-EB9E-4714-ACF2-BE3A6A7B2FFD}.Release|Any CPU.ActiveCfg = Release|Any CPU
		{0E7413FF-EB9E-4714-ACF2-BE3A6A7B2FFD}.Release|Any CPU.Build.0 = Release|Any CPU
		{0E7413FF-EB9E-4714-ACF2-BE3A6A7B2FFD}.Release|Mixed Platforms.ActiveCfg = Release|Any CPU
		{0E7413FF-EB9E-4714-ACF2-BE3A6A7B2FFD}.Release|Mixed Platforms.Build.0 = Release|Any CPU
		{0E7413FF-EB9E-4714-ACF2-BE3A6A7B2FFD}.Release|Win32.ActiveCfg = Release|Any CPU
		{0E7413FF-EB9E-4714-ACF2-BE3A6A7B2FFD}.Release|x86.ActiveCfg = Release|Any CPU
		{0E7413FF-EB9E-4714-ACF2-BE3A6A7B2FFD}.silverlight_Debug|Any CPU.ActiveCfg = Debug|Any CPU
		{0E7413FF-EB9E-4714-ACF2-BE3A6A7B2FFD}.silverlight_Debug|Any CPU.Build.0 = Debug|Any CPU
		{0E7413FF-EB9E-4714-ACF2-BE3A6A7B2FFD}.silverlight_Debug|Mixed Platforms.ActiveCfg = Debug|Any CPU
		{0E7413FF-EB9E-4714-ACF2-BE3A6A7B2FFD}.silverlight_Debug|Mixed Platforms.Build.0 = Debug|Any CPU
		{0E7413FF-EB9E-4714-ACF2-BE3A6A7B2FFD}.silverlight_Debug|Win32.ActiveCfg = Debug|Any CPU
		{0E7413FF-EB9E-4714-ACF2-BE3A6A7B2FFD}.silverlight_Debug|x86.ActiveCfg = Debug|Any CPU
		{0E7413FF-EB9E-4714-ACF2-BE3A6A7B2FFD}.silverlight_Release|Any CPU.ActiveCfg = Release|Any CPU
		{0E7413FF-EB9E-4714-ACF2-BE3A6A7B2FFD}.silverlight_Release|Any CPU.Build.0 = Release|Any CPU
		{0E7413FF-EB9E-4714-ACF2-BE3A6A7B2FFD}.silverlight_Release|Mixed Platforms.ActiveCfg = Release|Any CPU
		{0E7413FF-EB9E-4714-ACF2-BE3A6A7B2FFD}.silverlight_Release|Mixed Platforms.Build.0 = Release|Any CPU
		{0E7413FF-EB9E-4714-ACF2-BE3A6A7B2FFD}.silverlight_Release|Win32.ActiveCfg = Release|Any CPU
		{0E7413FF-EB9E-4714-ACF2-BE3A6A7B2FFD}.silverlight_Release|x86.ActiveCfg = Release|Any CPU
		{0E7413FF-EB9E-4714-ACF2-BE3A6A7B2FFD}.winphone_Debug|Any CPU.ActiveCfg = Debug|Any CPU
		{0E7413FF-EB9E-4714-ACF2-BE3A6A7B2FFD}.winphone_Debug|Any CPU.Build.0 = Debug|Any CPU
		{0E7413FF-EB9E-4714-ACF2-BE3A6A7B2FFD}.winphone_Debug|Mixed Platforms.ActiveCfg = Debug|Any CPU
		{0E7413FF-EB9E-4714-ACF2-BE3A6A7B2FFD}.winphone_Debug|Mixed Platforms.Build.0 = Debug|Any CPU
		{0E7413FF-EB9E-4714-ACF2-BE3A6A7B2FFD}.winphone_Debug|Win32.ActiveCfg = Debug|Any CPU
		{0E7413FF-EB9E-4714-ACF2-BE3A6A7B2FFD}.winphone_Debug|x86.ActiveCfg = Debug|Any CPU
		{0E7413FF-EB9E-4714-ACF2-BE3A6A7B2FFD}.winphone_Release|Any CPU.ActiveCfg = Release|Any CPU
		{0E7413FF-EB9E-4714-ACF2-BE3A6A7B2FFD}.winphone_Release|Any CPU.Build.0 = Release|Any CPU
		{0E7413FF-EB9E-4714-ACF2-BE3A6A7B2FFD}.winphone_Release|Mixed Platforms.ActiveCfg = Release|Any CPU
		{0E7413FF-EB9E-4714-ACF2-BE3A6A7B2FFD}.winphone_Release|Mixed Platforms.Build.0 = Release|Any CPU
		{0E7413FF-EB9E-4714-ACF2-BE3A6A7B2FFD}.winphone_Release|Win32.ActiveCfg = Release|Any CPU
		{0E7413FF-EB9E-4714-ACF2-BE3A6A7B2FFD}.winphone_Release|x86.ActiveCfg = Release|Any CPU
		{CB580CE0-5280-496D-BB36-066C2F63EB32}.Debug|Any CPU.ActiveCfg = Debug|x86
		{CB580CE0-5280-496D-BB36-066C2F63EB32}.Debug|Mixed Platforms.ActiveCfg = Debug|x86
		{CB580CE0-5280-496D-BB36-066C2F63EB32}.Debug|Mixed Platforms.Build.0 = Debug|x86
		{CB580CE0-5280-496D-BB36-066C2F63EB32}.Debug|Win32.ActiveCfg = Debug|x86
		{CB580CE0-5280-496D-BB36-066C2F63EB32}.Debug|x86.ActiveCfg = Debug|x86
		{CB580CE0-5280-496D-BB36-066C2F63EB32}.Debug|x86.Build.0 = Debug|x86
		{CB580CE0-5280-496D-BB36-066C2F63EB32}.Deploy|Any CPU.ActiveCfg = Debug|x86
		{CB580CE0-5280-496D-BB36-066C2F63EB32}.Deploy|Mixed Platforms.ActiveCfg = Debug|x86
		{CB580CE0-5280-496D-BB36-066C2F63EB32}.Deploy|Mixed Platforms.Build.0 = Debug|x86
		{CB580CE0-5280-496D-BB36-066C2F63EB32}.Deploy|Win32.ActiveCfg = Debug|x86
		{CB580CE0-5280-496D-BB36-066C2F63EB32}.Deploy|x86.ActiveCfg = Debug|x86
		{CB580CE0-5280-496D-BB36-066C2F63EB32}.Deploy|x86.Build.0 = Debug|x86
		{CB580CE0-5280-496D-BB36-066C2F63EB32}.net_2_0_Debug|Any CPU.ActiveCfg = Debug|x86
		{CB580CE0-5280-496D-BB36-066C2F63EB32}.net_2_0_Debug|Mixed Platforms.ActiveCfg = Debug|x86
		{CB580CE0-5280-496D-BB36-066C2F63EB32}.net_2_0_Debug|Mixed Platforms.Build.0 = Debug|x86
		{CB580CE0-5280-496D-BB36-066C2F63EB32}.net_2_0_Debug|Win32.ActiveCfg = Debug|x86
		{CB580CE0-5280-496D-BB36-066C2F63EB32}.net_2_0_Debug|x86.ActiveCfg = Debug|x86
		{CB580CE0-5280-496D-BB36-066C2F63EB32}.net_2_0_Debug|x86.Build.0 = Debug|x86
		{CB580CE0-5280-496D-BB36-066C2F63EB32}.net_2_0_Release|Any CPU.ActiveCfg = Release|x86
		{CB580CE0-5280-496D-BB36-066C2F63EB32}.net_2_0_Release|Mixed Platforms.ActiveCfg = Release|x86
		{CB580CE0-5280-496D-BB36-066C2F63EB32}.net_2_0_Release|Mixed Platforms.Build.0 = Release|x86
		{CB580CE0-5280-496D-BB36-066C2F63EB32}.net_2_0_Release|Win32.ActiveCfg = Release|x86
		{CB580CE0-5280-496D-BB36-066C2F63EB32}.net_2_0_Release|x86.ActiveCfg = Release|x86
		{CB580CE0-5280-496D-BB36-066C2F63EB32}.net_2_0_Release|x86.Build.0 = Release|x86
		{CB580CE0-5280-496D-BB36-066C2F63EB32}.net_3_5_Debug|Any CPU.ActiveCfg = Debug|x86
		{CB580CE0-5280-496D-BB36-066C2F63EB32}.net_3_5_Debug|Mixed Platforms.ActiveCfg = Debug|x86
		{CB580CE0-5280-496D-BB36-066C2F63EB32}.net_3_5_Debug|Mixed Platforms.Build.0 = Debug|x86
		{CB580CE0-5280-496D-BB36-066C2F63EB32}.net_3_5_Debug|Win32.ActiveCfg = Debug|x86
		{CB580CE0-5280-496D-BB36-066C2F63EB32}.net_3_5_Debug|x86.ActiveCfg = Debug|x86
		{CB580CE0-5280-496D-BB36-066C2F63EB32}.net_3_5_Debug|x86.Build.0 = Debug|x86
		{CB580CE0-5280-496D-BB36-066C2F63EB32}.net_3_5_Release|Any CPU.ActiveCfg = Release|x86
		{CB580CE0-5280-496D-BB36-066C2F63EB32}.net_3_5_Release|Mixed Platforms.ActiveCfg = Release|x86
		{CB580CE0-5280-496D-BB36-066C2F63EB32}.net_3_5_Release|Mixed Platforms.Build.0 = Release|x86
		{CB580CE0-5280-496D-BB36-066C2F63EB32}.net_3_5_Release|Win32.ActiveCfg = Release|x86
		{CB580CE0-5280-496D-BB36-066C2F63EB32}.net_3_5_Release|x86.ActiveCfg = Release|x86
		{CB580CE0-5280-496D-BB36-066C2F63EB32}.net_3_5_Release|x86.Build.0 = Release|x86
		{CB580CE0-5280-496D-BB36-066C2F63EB32}.net_4_0_Debug|Any CPU.ActiveCfg = Debug|x86
		{CB580CE0-5280-496D-BB36-066C2F63EB32}.net_4_0_Debug|Mixed Platforms.ActiveCfg = Debug|x86
		{CB580CE0-5280-496D-BB36-066C2F63EB32}.net_4_0_Debug|Mixed Platforms.Build.0 = Debug|x86
		{CB580CE0-5280-496D-BB36-066C2F63EB32}.net_4_0_Debug|Win32.ActiveCfg = Debug|x86
		{CB580CE0-5280-496D-BB36-066C2F63EB32}.net_4_0_Debug|x86.ActiveCfg = Debug|x86
		{CB580CE0-5280-496D-BB36-066C2F63EB32}.net_4_0_Debug|x86.Build.0 = Debug|x86
		{CB580CE0-5280-496D-BB36-066C2F63EB32}.net_4_0_Release|Any CPU.ActiveCfg = Release|x86
		{CB580CE0-5280-496D-BB36-066C2F63EB32}.net_4_0_Release|Mixed Platforms.ActiveCfg = Release|x86
		{CB580CE0-5280-496D-BB36-066C2F63EB32}.net_4_0_Release|Mixed Platforms.Build.0 = Release|x86
		{CB580CE0-5280-496D-BB36-066C2F63EB32}.net_4_0_Release|Win32.ActiveCfg = Release|x86
		{CB580CE0-5280-496D-BB36-066C2F63EB32}.net_4_0_Release|x86.ActiveCfg = Release|x86
		{CB580CE0-5280-496D-BB36-066C2F63EB32}.net_4_0_Release|x86.Build.0 = Release|x86
		{CB580CE0-5280-496D-BB36-066C2F63EB32}.Release|Any CPU.ActiveCfg = Release|x86
		{CB580CE0-5280-496D-BB36-066C2F63EB32}.Release|Mixed Platforms.ActiveCfg = Release|x86
		{CB580CE0-5280-496D-BB36-066C2F63EB32}.Release|Mixed Platforms.Build.0 = Release|x86
		{CB580CE0-5280-496D-BB36-066C2F63EB32}.Release|Win32.ActiveCfg = Release|x86
		{CB580CE0-5280-496D-BB36-066C2F63EB32}.Release|x86.ActiveCfg = Release|x86
		{CB580CE0-5280-496D-BB36-066C2F63EB32}.Release|x86.Build.0 = Release|x86
		{CB580CE0-5280-496D-BB36-066C2F63EB32}.silverlight_Debug|Any CPU.ActiveCfg = Debug|x86
		{CB580CE0-5280-496D-BB36-066C2F63EB32}.silverlight_Debug|Mixed Platforms.ActiveCfg = Debug|x86
		{CB580CE0-5280-496D-BB36-066C2F63EB32}.silverlight_Debug|Mixed Platforms.Build.0 = Debug|x86
		{CB580CE0-5280-496D-BB36-066C2F63EB32}.silverlight_Debug|Win32.ActiveCfg = Debug|x86
		{CB580CE0-5280-496D-BB36-066C2F63EB32}.silverlight_Debug|x86.ActiveCfg = Debug|x86
		{CB580CE0-5280-496D-BB36-066C2F63EB32}.silverlight_Debug|x86.Build.0 = Debug|x86
		{CB580CE0-5280-496D-BB36-066C2F63EB32}.silverlight_Release|Any CPU.ActiveCfg = Release|x86
		{CB580CE0-5280-496D-BB36-066C2F63EB32}.silverlight_Release|Mixed Platforms.ActiveCfg = Release|x86
		{CB580CE0-5280-496D-BB36-066C2F63EB32}.silverlight_Release|Mixed Platforms.Build.0 = Release|x86
		{CB580CE0-5280-496D-BB36-066C2F63EB32}.silverlight_Release|Win32.ActiveCfg = Release|x86
		{CB580CE0-5280-496D-BB36-066C2F63EB32}.silverlight_Release|x86.ActiveCfg = Release|x86
		{CB580CE0-5280-496D-BB36-066C2F63EB32}.silverlight_Release|x86.Build.0 = Release|x86
		{CB580CE0-5280-496D-BB36-066C2F63EB32}.winphone_Debug|Any CPU.ActiveCfg = Debug|x86
		{CB580CE0-5280-496D-BB36-066C2F63EB32}.winphone_Debug|Mixed Platforms.ActiveCfg = Debug|x86
		{CB580CE0-5280-496D-BB36-066C2F63EB32}.winphone_Debug|Mixed Platforms.Build.0 = Debug|x86
		{CB580CE0-5280-496D-BB36-066C2F63EB32}.winphone_Debug|Win32.ActiveCfg = Debug|x86
		{CB580CE0-5280-496D-BB36-066C2F63EB32}.winphone_Debug|x86.ActiveCfg = Debug|x86
		{CB580CE0-5280-496D-BB36-066C2F63EB32}.winphone_Debug|x86.Build.0 = Debug|x86
		{CB580CE0-5280-496D-BB36-066C2F63EB32}.winphone_Release|Any CPU.ActiveCfg = Release|x86
		{CB580CE0-5280-496D-BB36-066C2F63EB32}.winphone_Release|Mixed Platforms.ActiveCfg = Release|x86
		{CB580CE0-5280-496D-BB36-066C2F63EB32}.winphone_Release|Mixed Platforms.Build.0 = Release|x86
		{CB580CE0-5280-496D-BB36-066C2F63EB32}.winphone_Release|Win32.ActiveCfg = Release|x86
		{CB580CE0-5280-496D-BB36-066C2F63EB32}.winphone_Release|x86.ActiveCfg = Release|x86
		{CB580CE0-5280-496D-BB36-066C2F63EB32}.winphone_Release|x86.Build.0 = Release|x86
	EndGlobalSection
	GlobalSection(SolutionProperties) = preSolution
		HideSolutionNode = FALSE
	EndGlobalSection
EndGlobal
